<?xml version="1.0" encoding="utf-8"?>
<Project ToolsVersion="4.0" xmlns="http://schemas.microsoft.com/developer/msbuild/2003">
  <ItemGroup>
    <Filter Include="SorceCode">
      <UniqueIdentifier>{de6ca72f-e535-4f59-973e-d0f656025f0a}</UniqueIdentifier>
    </Filter>
    <Filter Include="SorceCode\CGame">
      <UniqueIdentifier>{cfc15e09-0d7b-4fdf-8aa8-f0b1df240791}</UniqueIdentifier>
    </Filter>
    <Filter Include="SorceCode\CWinInit">
      <UniqueIdentifier>{514218dc-c390-4c0e-9275-ca34481a2858}</UniqueIdentifier>
    </Filter>
    <Filter Include="SorceCode\CCamera">
      <UniqueIdentifier>{c24d4ef7-cabc-4581-a616-cd3ae7a3c4a2}</UniqueIdentifier>
    </Filter>
    <Filter Include="SorceCode\CGameObject">
      <UniqueIdentifier>{cb290bc8-ebb9-4ef0-9dce-35a82d80717d}</UniqueIdentifier>
    </Filter>
    <Filter Include="SorceCode\CGameObject\CCharacter">
      <UniqueIdentifier>{0297ecd3-d36a-4195-b509-a4c2107a85c7}</UniqueIdentifier>
    </Filter>
    <Filter Include="SorceCode\CGameObject\CStage">
      <UniqueIdentifier>{38d08262-0e7f-4851-b98c-eea8d2d5fe15}</UniqueIdentifier>
    </Filter>
    <Filter Include="SorceCode\CSoundManager">
      <UniqueIdentifier>{12bfb548-24d4-47f7-9e93-88dacaff6e74}</UniqueIdentifier>
    </Filter>
    <Filter Include="SorceCode\CSoundManager\CSound">
      <UniqueIdentifier>{0d4bae49-08a4-479e-bc5f-5f362f522eb7}</UniqueIdentifier>
    </Filter>
    <Filter Include="SorceCode\CGame\CCollisionDetection">
      <UniqueIdentifier>{3454e863-2f01-4b26-83b6-4170c6a36362}</UniqueIdentifier>
    </Filter>
    <Filter Include="SorceCode\CGameObject\CCharacter\CPlayer">
      <UniqueIdentifier>{2262cd77-269e-4adc-bc3a-a6b2beab1f44}</UniqueIdentifier>
    </Filter>
    <Filter Include="SorceCode\CImageManager">
      <UniqueIdentifier>{b4af9dfa-a87c-45d4-9b1f-db4e69c3160b}</UniqueIdentifier>
    </Filter>
    <Filter Include="SorceCode\CImageManager\CImage">
      <UniqueIdentifier>{66f97e51-dcef-4190-92e0-fdf92872d5bc}</UniqueIdentifier>
    </Filter>
    <Filter Include="SorceCode\CGameObject\CCharacter\CEnemy">
      <UniqueIdentifier>{0de9ba8a-d3b6-4ea0-a928-ef8f5e6b277d}</UniqueIdentifier>
    </Filter>
    <Filter Include="SorceCode\CMouseInput">
      <UniqueIdentifier>{771ef1a5-d38f-479c-a33f-d8d8bb4339f7}</UniqueIdentifier>
    </Filter>
    <Filter Include="SorceCode\CWire">
      <UniqueIdentifier>{78df9c84-1c3c-4af6-89d2-8971ac68546a}</UniqueIdentifier>
    </Filter>
    <Filter Include="SorceCode\CGameObject\CCharacter\Wirepoint">
      <UniqueIdentifier>{c0232701-4324-4712-b6ef-0336c883b7b9}</UniqueIdentifier>
    </Filter>
    <Filter Include="SorceCode\遊び">
      <UniqueIdentifier>{713e145c-fd06-4084-98a5-e19bcef17005}</UniqueIdentifier>
    </Filter>
    <Filter Include="SorceCode\CWireActionSupporter">
      <UniqueIdentifier>{5d52d1bc-c9fb-4f83-85dc-40c9521b66e8}</UniqueIdentifier>
    </Filter>
    <Filter Include="SorceCode\CNormalAttack">
      <UniqueIdentifier>{634345ca-c988-4d82-9d8b-f7504811ea0e}</UniqueIdentifier>
    </Filter>
  </ItemGroup>
  <ItemGroup>
    <ClCompile Include="SorceCode\Main.cpp">
      <Filter>SorceCode</Filter>
    </ClCompile>
    <ClCompile Include="SorceCode\CGame\CGame.cpp">
      <Filter>SorceCode\CGame</Filter>
    </ClCompile>
    <ClCompile Include="SorceCode\CSound\CSound.cpp">
      <Filter>SorceCode\CSoundManager\CSound</Filter>
    </ClCompile>
    <ClCompile Include="SorceCode\CWinlnit\CWinInit.cpp">
      <Filter>SorceCode\CWinInit</Filter>
    </ClCompile>
    <ClCompile Include="SorceCode\CImage\CImage.cpp">
      <Filter>SorceCode\CImageManager\CImage</Filter>
    </ClCompile>
    <ClCompile Include="SorceCode\CCamera\CCamera.cpp">
      <Filter>SorceCode\CCamera</Filter>
    </ClCompile>
    <ClCompile Include="SorceCode\CGameObject\CCharacter\CCharacter.cpp">
      <Filter>SorceCode\CGameObject\CCharacter</Filter>
    </ClCompile>
    <ClCompile Include="SorceCode\CGameObject\CGameObject.cpp">
      <Filter>SorceCode\CGameObject</Filter>
    </ClCompile>
    <ClCompile Include="SorceCode\CSound\CSoundManager.cpp">
      <Filter>SorceCode\CSoundManager</Filter>
    </ClCompile>
    <ClCompile Include="SorceCode\Global.cpp">
      <Filter>SorceCode</Filter>
    </ClCompile>
    <ClCompile Include="SorceCode\CGame\CCollisionDetection\CCollisionDetection.cpp">
      <Filter>SorceCode\CGame\CCollisionDetection</Filter>
    </ClCompile>
    <ClCompile Include="SorceCode\CGameObject\CCharacter\CPlayer\CPlayer.cpp">
      <Filter>SorceCode\CGameObject\CCharacter\CPlayer</Filter>
    </ClCompile>
    <ClCompile Include="SorceCode\CGameObject\CCharacter\CEnemy\CEnemy.cpp">
      <Filter>SorceCode\CGameObject\CCharacter\CEnemy</Filter>
    </ClCompile>
    <ClCompile Include="SorceCode\CImage\CImageManager.cpp">
      <Filter>SorceCode\CImageManager</Filter>
    </ClCompile>
    <ClCompile Include="SorceCode\CGameObject\CCharacter\CEnemy\CKedama\CKedama.cpp" />
    <ClCompile Include="SorceCode\CGame\CEnemyFactory\CEnemyFactory.cpp" />
    <ClCompile Include="SorceCode\CGameObject\CCharacter\CBoss\CBoss.cpp" />
    <ClCompile Include="SorceCode\CGameObject\CCharacter\CBoss\CNazrin\CNazrin.cpp" />
    <ClCompile Include="SorceCode\CGame\CBossFactory\CBossFactory.cpp" />
    <ClCompile Include="SorceCode\CGameObject\CBullet\CBullet.cpp" />
    <ClCompile Include="SorceCode\CGameObject\CBullet\CRotateBullet\CRotateBullet.cpp" />
    <ClCompile Include="SorceCode\CGame\CBulletFactory\CBulletFactory.cpp" />
    <ClCompile Include="SorceCode\CGameObject\CCharacter\CEnemy\CFairy\CFairy.cpp" />
    <ClCompile Include="SorceCode\CGameObject\CCharacter\CEnemy\CYinYangBall\CYinYangBall.cpp" />
    <ClCompile Include="SorceCode\CGameObject\CCharacter\CEnemy\CYinYangBall\CYinYangDeco\CYinYangDeco.cpp" />
    <ClCompile Include="SorceCode\CGameObject\CBullet\CCircularBullet\CCircularBullet.cpp" />
    <ClCompile Include="SorceCode\CGame\CEnemySet\CEnemySet.cpp" />
    <ClCompile Include="SorceCode\CMouseInput\CMouseInput.cpp">
      <Filter>SorceCode\CMouseInput</Filter>
    </ClCompile>
    <ClCompile Include="SorceCode\CWire\CWire.cpp">
      <Filter>SorceCode\CWire</Filter>
    </ClCompile>
    <ClCompile Include="SorceCode\CGameObject\CCharacter\CWirepoint\CWirepoint.cpp">
      <Filter>SorceCode\CGameObject\CCharacter\Wirepoint</Filter>
    </ClCompile>
    <ClCompile Include="SorceCode\NEGA\NEGA.cpp">
      <Filter>SorceCode\遊び</Filter>
    </ClCompile>
    <ClCompile Include="SorceCode\CWireActionSupporter\CWireActionSupporter.cpp">
      <Filter>SorceCode\CWireActionSupporter</Filter>
    </ClCompile>
    <ClCompile Include="SorceCode\CGameObject\CStage\CStageManager\CStageManager.cpp" />
    <ClCompile Include="SorceCode\CGameObject\CStage\CStageDraw\CStageDraw.cpp" />
    <ClCompile Include="SorceCode\CGameObject\CStage\CStageLoader\CStageLoader.cpp" />
    <ClCompile Include="SorceCode\CGameObject\CStage\CStageCollision\CStageCollision.cpp" />
    <ClCompile Include="SorceCode\CGameObject\CStage\CStageLoader\CStageLoader.cpp" />
    <ClCompile Include="SorceCode\CGameObject\CStage\CStageCollision\CStageCollision.cpp" />
    <ClCompile Include="SorceCode\CNormalAttack\CNormalAttack.cpp">
      <Filter>SorceCode\CNormalAttack</Filter>
    </ClCompile>
    <ClCompile Include="SorceCode\CGameObject\CStage\CStageCollisionDraw\CStageCollisionDraw.cpp" />
    <ClCompile Include="SorceCode\CGameObject\CBullet\CRockOnBullet\CRockOnBullet.cpp" />
    <ClCompile Include="SorceCode\CGameObject\CCharacter\CPlayer\CHeart\CHeart.cpp" />
    <ClCompile Include="SorceCode\CGameObject\CBullet\CPredictionBullet\CPredictionBullet.cpp" />
  </ItemGroup>
  <ItemGroup>
    <ClInclude Include="SorceCode\Global.h">
      <Filter>SorceCode</Filter>
    </ClInclude>
    <ClInclude Include="SorceCode\CGame\CGame.h">
      <Filter>SorceCode\CGame</Filter>
    </ClInclude>
    <ClInclude Include="SorceCode\CSound\CSound.h">
      <Filter>SorceCode\CSoundManager\CSound</Filter>
    </ClInclude>
    <ClInclude Include="SorceCode\CWinlnit\CWinInit.h">
      <Filter>SorceCode\CWinInit</Filter>
    </ClInclude>
    <ClInclude Include="SorceCode\CImage\CImage.h">
      <Filter>SorceCode\CImageManager\CImage</Filter>
    </ClInclude>
    <ClInclude Include="SorceCode\MyMath.h">
      <Filter>SorceCode</Filter>
    </ClInclude>
    <ClInclude Include="SorceCode\MyMacro.h">
      <Filter>SorceCode</Filter>
    </ClInclude>
    <ClInclude Include="SorceCode\CCamera\CCamera.h">
      <Filter>SorceCode\CCamera</Filter>
    </ClInclude>
    <ClInclude Include="SorceCode\CGameObject\CCharacter\CCharacter.h">
      <Filter>SorceCode\CGameObject\CCharacter</Filter>
    </ClInclude>
    <ClInclude Include="SorceCode\CGameObject\CGameObject.h">
      <Filter>SorceCode\CGameObject</Filter>
    </ClInclude>
    <ClInclude Include="SorceCode\CSound\CSoundManager.h">
      <Filter>SorceCode\CSoundManager</Filter>
    </ClInclude>
    <ClInclude Include="SorceCode\CGame\CCollisionDetection\CCollisionDetection.h">
      <Filter>SorceCode\CGame\CCollisionDetection</Filter>
    </ClInclude>
    <ClInclude Include="SorceCode\CGameObject\CCharacter\CPlayer\CPlayer.h">
      <Filter>SorceCode\CGameObject\CCharacter\CPlayer</Filter>
    </ClInclude>
    <ClInclude Include="SorceCode\CGameObject\CCharacter\CEnemy\CEnemy.h">
      <Filter>SorceCode\CGameObject\CCharacter\CEnemy</Filter>
    </ClInclude>
    <ClInclude Include="SorceCode\CImage\CImageManager.h">
      <Filter>SorceCode\CImageManager</Filter>
    </ClInclude>
    <ClInclude Include="SorceCode\CGameObject\CCharacter\CEnemy\CKedama\CKedama.h" />
    <ClInclude Include="SorceCode\CGame\CEnemyFactory\CEnemyFactory.h" />
    <ClInclude Include="SorceCode\CGameObject\CCharacter\CBoss\CBoss.h" />
    <ClInclude Include="SorceCode\CGameObject\CCharacter\CBoss\CNazrin\CNazrin.h" />
    <ClInclude Include="SorceCode\CGame\CBossFactory\CBossFactory.h" />
    <ClInclude Include="SorceCode\CGameObject\CBullet\CBullet.h" />
    <ClInclude Include="SorceCode\CGameObject\CBullet\CRotateBullet\CRotateBullet.h" />
    <ClInclude Include="SorceCode\CGame\CBulletFactory\CBulletFactory.h" />
    <ClInclude Include="SorceCode\CGameObject\CCharacter\CEnemy\CFairy\CFairy.h" />
    <ClInclude Include="SorceCode\CGameObject\CCharacter\CEnemy\CYinYangBall\CYinYangBall.h" />
    <ClInclude Include="SorceCode\CGameObject\CCharacter\CEnemy\CYinYangBall\CYinYangDeco\CYinYangDeco.h" />
    <ClInclude Include="SorceCode\CGameObject\CBullet\CCircularBullet\CCircularBullet.h" />
    <ClInclude Include="SorceCode\CGame\CEnemySet\CEnemySet.h" />
    <ClInclude Include="SorceCode\CMouseInput\CMouseInput.h">
      <Filter>SorceCode\CMouseInput</Filter>
    </ClInclude>
    <ClInclude Include="SorceCode\CWire\CWire.h">
      <Filter>SorceCode\CWire</Filter>
    </ClInclude>
    <ClInclude Include="SorceCode\CGameObject\CCharacter\CWirepoint\CWirepoint.h">
      <Filter>SorceCode\CGameObject\CCharacter\Wirepoint</Filter>
    </ClInclude>
    <ClInclude Include="SorceCode\NEGA\NEGA.h">
      <Filter>SorceCode\遊び</Filter>
    </ClInclude>
    <ClInclude Include="SorceCode\CWireActionSupporter\CWireActionSupporter.h">
      <Filter>SorceCode\CWireActionSupporter</Filter>
    </ClInclude>
    <ClInclude Include="SorceCode\CGameObject\CStage\CStageLoader\CStageLoader.h" />
    <ClInclude Include="SorceCode\CGameObject\CStage\CStageCollision\CStageCollision.h" />
    <ClInclude Include="SorceCode\CNormalAttack\CNormalAttack.h">
      <Filter>SorceCode\CNormalAttack</Filter>
    </ClInclude>
    <ClInclude Include="SorceCode\CGameObject\CStage\CStageManager\CStageManager.h" />
    <ClInclude Include="SorceCode\CGameObject\CStage\CStageDraw\CStageDraw.h" />
    <ClInclude Include="SorceCode\CGameObject\CStage\CStageLoader\CStageLoader.h" />
    <ClInclude Include="SorceCode\CGameObject\CStage\CStageCollision\CStageCollision.h" />
    <ClInclude Include="SorceCode\CGameObject\CStage\CStageCollisionDraw\CStageCollisionDraw.h" />
    <ClInclude Include="SorceCode\CGameObject\CBullet\CRockOnBullet\CRockOnBullet.h" />
    <ClInclude Include="SorceCode\CGameObject\CCharacter\CPlayer\CHeart\CHeart.h" />
    <ClInclude Include="SorceCode\CGameObject\CBullet\CPredictionBullet\CPredictionBullet.h" />
  </ItemGroup>
</Project>