<?xml version="1.0" encoding="utf-8"?>
<Project ToolsVersion="4.0" xmlns="http://schemas.microsoft.com/developer/msbuild/2003">
  <ItemGroup>
    <Filter Include="SorceCode">
      <UniqueIdentifier>{de6ca72f-e535-4f59-973e-d0f656025f0a}</UniqueIdentifier>
    </Filter>
    <Filter Include="SorceCode\CGame">
      <UniqueIdentifier>{cfc15e09-0d7b-4fdf-8aa8-f0b1df240791}</UniqueIdentifier>
    </Filter>
    <Filter Include="SorceCode\CWinInit">
      <UniqueIdentifier>{514218dc-c390-4c0e-9275-ca34481a2858}</UniqueIdentifier>
    </Filter>
    <Filter Include="SorceCode\CCamera">
      <UniqueIdentifier>{c24d4ef7-cabc-4581-a616-cd3ae7a3c4a2}</UniqueIdentifier>
    </Filter>
    <Filter Include="SorceCode\CGameObject">
      <UniqueIdentifier>{cb290bc8-ebb9-4ef0-9dce-35a82d80717d}</UniqueIdentifier>
    </Filter>
    <Filter Include="SorceCode\CGameObject\CCharacter">
      <UniqueIdentifier>{0297ecd3-d36a-4195-b509-a4c2107a85c7}</UniqueIdentifier>
    </Filter>
    <Filter Include="SorceCode\CGameObject\CStage">
      <UniqueIdentifier>{38d08262-0e7f-4851-b98c-eea8d2d5fe15}</UniqueIdentifier>
    </Filter>
    <Filter Include="SorceCode\CSoundManager">
      <UniqueIdentifier>{12bfb548-24d4-47f7-9e93-88dacaff6e74}</UniqueIdentifier>
    </Filter>
    <Filter Include="SorceCode\CSoundManager\CSound">
      <UniqueIdentifier>{0d4bae49-08a4-479e-bc5f-5f362f522eb7}</UniqueIdentifier>
    </Filter>
    <Filter Include="SorceCode\CGame\CCollisionDetection">
      <UniqueIdentifier>{3454e863-2f01-4b26-83b6-4170c6a36362}</UniqueIdentifier>
    </Filter>
    <Filter Include="SorceCode\CGameScene">
      <UniqueIdentifier>{8c27e678-0b43-4165-95f7-41690a145572}</UniqueIdentifier>
    </Filter>
    <Filter Include="SorceCode\CGameObject\CCharacter\CPlayer">
      <UniqueIdentifier>{2262cd77-269e-4adc-bc3a-a6b2beab1f44}</UniqueIdentifier>
    </Filter>
    <Filter Include="SorceCode\CImageManager">
      <UniqueIdentifier>{b4af9dfa-a87c-45d4-9b1f-db4e69c3160b}</UniqueIdentifier>
    </Filter>
    <Filter Include="SorceCode\CImageManager\CImage">
      <UniqueIdentifier>{66f97e51-dcef-4190-92e0-fdf92872d5bc}</UniqueIdentifier>
    </Filter>
    <Filter Include="SorceCode\CGameObject\CCharacter\CEnemy">
      <UniqueIdentifier>{0de9ba8a-d3b6-4ea0-a928-ef8f5e6b277d}</UniqueIdentifier>
    </Filter>
  </ItemGroup>
  <ItemGroup>
    <ClCompile Include="SorceCode\Main.cpp">
      <Filter>SorceCode</Filter>
    </ClCompile>
    <ClCompile Include="SorceCode\CGame.cpp">
      <Filter>SorceCode\CGame</Filter>
    </ClCompile>
    <ClCompile Include="SorceCode\CSound.cpp">
      <Filter>SorceCode\CSoundManager\CSound</Filter>
    </ClCompile>
    <ClCompile Include="SorceCode\CWinInit.cpp">
      <Filter>SorceCode\CWinInit</Filter>
    </ClCompile>
    <ClCompile Include="SorceCode\CImage.cpp">
      <Filter>SorceCode\CImageManager\CImage</Filter>
    </ClCompile>
    <ClCompile Include="SorceCode\CStage.cpp">
      <Filter>SorceCode\CGameObject\CStage</Filter>
    </ClCompile>
    <ClCompile Include="SorceCode\CCamera.cpp">
      <Filter>SorceCode\CCamera</Filter>
    </ClCompile>
    <ClCompile Include="SorceCode\CCharacter.cpp">
      <Filter>SorceCode\CGameObject\CCharacter</Filter>
    </ClCompile>
    <ClCompile Include="SorceCode\CGameObject.cpp">
      <Filter>SorceCode\CGameObject</Filter>
    </ClCompile>
    <ClCompile Include="SorceCode\CSoundManager.cpp">
      <Filter>SorceCode\CSoundManager</Filter>
    </ClCompile>
    <ClCompile Include="SorceCode\Global.cpp">
      <Filter>SorceCode</Filter>
    </ClCompile>
    <ClCompile Include="SorceCode\CCollisionDetection.cpp">
      <Filter>SorceCode\CGame\CCollisionDetection</Filter>
    </ClCompile>
    <ClCompile Include="SorceCode\CGameScene.cpp">
      <Filter>SorceCode\CGameScene</Filter>
    </ClCompile>
    <ClCompile Include="SorceCode\CPlayer.cpp">
      <Filter>SorceCode\CGameObject\CCharacter\CPlayer</Filter>
    </ClCompile>
    <ClCompile Include="SorceCode\CEnemy.cpp">
      <Filter>SorceCode\CGameObject\CCharacter\CEnemy</Filter>
    </ClCompile>
    <ClCompile Include="SorceCode\CImageManager.cpp">
      <Filter>SorceCode\CImageManager</Filter>
    </ClCompile>
  </ItemGroup>
  <ItemGroup>
    <ClInclude Include="SorceCode\Global.h">
      <Filter>SorceCode</Filter>
    </ClInclude>
    <ClInclude Include="SorceCode\CGame.h">
      <Filter>SorceCode\CGame</Filter>
    </ClInclude>
    <ClInclude Include="SorceCode\CSound.h">
      <Filter>SorceCode\CSoundManager\CSound</Filter>
    </ClInclude>
    <ClInclude Include="SorceCode\CWinInit.h">
      <Filter>SorceCode\CWinInit</Filter>
    </ClInclude>
    <ClInclude Include="SorceCode\CImage.h">
      <Filter>SorceCode\CImageManager\CImage</Filter>
    </ClInclude>
    <ClInclude Include="SorceCode\MyMath.h">
      <Filter>SorceCode</Filter>
    </ClInclude>
    <ClInclude Include="SorceCode\MyMacro.h">
      <Filter>SorceCode</Filter>
    </ClInclude>
    <ClInclude Include="SorceCode\CStage.h">
      <Filter>SorceCode\CGameObject\CStage</Filter>
    </ClInclude>
    <ClInclude Include="SorceCode\CCamera.h">
      <Filter>SorceCode\CCamera</Filter>
    </ClInclude>
    <ClInclude Include="SorceCode\CCharacter.h">
      <Filter>SorceCode\CGameObject\CCharacter</Filter>
    </ClInclude>
    <ClInclude Include="SorceCode\CGameObject.h">
      <Filter>SorceCode\CGameObject</Filter>
    </ClInclude>
    <ClInclude Include="SorceCode\CSoundManager.h">
      <Filter>SorceCode\CSoundManager</Filter>
    </ClInclude>
    <ClInclude Include="SorceCode\CCollisionDetection.h">
      <Filter>SorceCode\CGame\CCollisionDetection</Filter>
    </ClInclude>
    <ClInclude Include="SorceCode\CGameScene.h">
      <Filter>SorceCode\CGameScene</Filter>
    </ClInclude>
    <ClInclude Include="SorceCode\CPlayer.h">
      <Filter>SorceCode\CGameObject\CCharacter\CPlayer</Filter>
    </ClInclude>
    <ClInclude Include="SorceCode\CEnemy.h">
      <Filter>SorceCode\CGameObject\CCharacter\CEnemy</Filter>
    </ClInclude>
    <ClInclude Include="SorceCode\CImageManager.h">
      <Filter>SorceCode\CImageManager</Filter>
    </ClInclude>
  </ItemGroup>
</Project>